
Microsoft Visual Studio Solution File, Format Version 12.00
# Visual Studio Version 17
VisualStudioVersion = 17.7.34031.279
MinimumVisualStudioVersion = 10.0.40219.1
Project("{FAE04EC0-301F-11D3-BF4B-00C04F79EFBC}") = "SdA.Game.Console.UI", "SdA.Game.Console.UI\SdA.Game.Console.UI.csproj", "{AAD1D860-1EFE-4DA1-845F-6AE63B52EF30}"
EndProject
Global
	GlobalSection(SolutionConfigurationPlatforms) = preSolution
		Debug|Any CPU = Debug|Any CPU
		Release|Any CPU = Release|Any CPU
	EndGlobalSection
	GlobalSection(ProjectConfigurationPlatforms) = postSolution
		{AAD1D860-1EFE-4DA1-845F-6AE63B52EF30}.Debug|Any CPU.ActiveCfg = Debug|Any CPU
		{AAD1D860-1EFE-4DA1-845F-6AE63B52EF30}.Debug|Any CPU.Build.0 = Debug|Any CPU
		{AAD1D860-1EFE-4DA1-845F-6AE63B52EF30}.Release|Any CPU.ActiveCfg = Release|Any CPU
		{AAD1D860-1EFE-4DA1-845F-6AE63B52EF30}.Release|Any CPU.Build.0 = Release|Any CPU
	EndGlobalSection
	GlobalSection(SolutionProperties) = preSolution
		HideSolutionNode = FALSE
	EndGlobalSection
	GlobalSection(ExtensibilityGlobals) = postSolution
		SolutionGuid = {293A461D-C53F-4F14-A8CC-B6DED43635BF}
	EndGlobalSection
EndGlobal
